
Microsoft Visual Studio Solution File, Format Version 12.00
# Visual Studio 15
VisualStudioVersion = 15.0.26228.10
MinimumVisualStudioVersion = 10.0.40219.1
Project("{FAE04EC0-301F-11D3-BF4B-00C04F79EFBC}") = "SimpleNet", "SimpleNet.csproj", "{3A4526BA-B219-4B24-87EA-5832B70C7529}"
EndProject
Project("{FAE04EC0-301F-11D3-BF4B-00C04F79EFBC}") = "SimpleNet.Example", "..\SimpleNet.Example\SimpleNet.Example.csproj", "{F623484D-D245-4982-A666-16E363DA8D4E}"
EndProject
Project("{FAE04EC0-301F-11D3-BF4B-00C04F79EFBC}") = "SimpleNet.Middleware.LatencySimulator", "..\SimpleNet.Middleware.LatencySimulator\SimpleNet.Middleware.LatencySimulator.csproj", "{FCC943E9-2796-44DF-AB8C-CB89FDFCA318}"
EndProject
Project("{9A19103F-16F7-4668-BE54-9A1E7A4F7556}") = "SimpleNet.DryIoc", "..\SimpleNet.DryIoc\SimpleNet.DryIoc.csproj", "{F15DA12F-92F4-4436-B047-728BEC54B393}"
EndProject
Global
	GlobalSection(SolutionConfigurationPlatforms) = preSolution
		Debug|Any CPU = Debug|Any CPU
		Release|Any CPU = Release|Any CPU
	EndGlobalSection
	GlobalSection(ProjectConfigurationPlatforms) = postSolution
		{3A4526BA-B219-4B24-87EA-5832B70C7529}.Debug|Any CPU.ActiveCfg = Debug|Any CPU
		{3A4526BA-B219-4B24-87EA-5832B70C7529}.Debug|Any CPU.Build.0 = Debug|Any CPU
		{3A4526BA-B219-4B24-87EA-5832B70C7529}.Release|Any CPU.ActiveCfg = Release|Any CPU
		{3A4526BA-B219-4B24-87EA-5832B70C7529}.Release|Any CPU.Build.0 = Release|Any CPU
		{F623484D-D245-4982-A666-16E363DA8D4E}.Debug|Any CPU.ActiveCfg = Debug|Any CPU
		{F623484D-D245-4982-A666-16E363DA8D4E}.Debug|Any CPU.Build.0 = Debug|Any CPU
		{F623484D-D245-4982-A666-16E363DA8D4E}.Release|Any CPU.ActiveCfg = Release|Any CPU
		{F623484D-D245-4982-A666-16E363DA8D4E}.Release|Any CPU.Build.0 = Release|Any CPU
		{FCC943E9-2796-44DF-AB8C-CB89FDFCA318}.Debug|Any CPU.ActiveCfg = Debug|Any CPU
		{FCC943E9-2796-44DF-AB8C-CB89FDFCA318}.Debug|Any CPU.Build.0 = Debug|Any CPU
		{FCC943E9-2796-44DF-AB8C-CB89FDFCA318}.Release|Any CPU.ActiveCfg = Release|Any CPU
		{FCC943E9-2796-44DF-AB8C-CB89FDFCA318}.Release|Any CPU.Build.0 = Release|Any CPU
		{F15DA12F-92F4-4436-B047-728BEC54B393}.Debug|Any CPU.ActiveCfg = Debug|Any CPU
		{F15DA12F-92F4-4436-B047-728BEC54B393}.Debug|Any CPU.Build.0 = Debug|Any CPU
		{F15DA12F-92F4-4436-B047-728BEC54B393}.Release|Any CPU.ActiveCfg = Release|Any CPU
		{F15DA12F-92F4-4436-B047-728BEC54B393}.Release|Any CPU.Build.0 = Release|Any CPU
	EndGlobalSection
	GlobalSection(SolutionProperties) = preSolution
		HideSolutionNode = FALSE
	EndGlobalSection
EndGlobal
